
Microsoft Visual Studio Solution File, Format Version 12.00
# Visual Studio Version 17
VisualStudioVersion = 17.8.34309.116
MinimumVisualStudioVersion = 10.0.40219.1
Project("{FAE04EC0-301F-11D3-BF4B-00C04F79EFBC}") = "APR_jahresprojekt_podoprygora", "APR_jahresprojekt_podoprygora\APR_jahresprojekt_podoprygora.csproj", "{5B778B60-5690-44E7-93CD-AE9395A93625}"
EndProject
Global
	GlobalSection(SolutionConfigurationPlatforms) = preSolution
		Debug|Any CPU = Debug|Any CPU
		Release|Any CPU = Release|Any CPU
	EndGlobalSection
	GlobalSection(ProjectConfigurationPlatforms) = postSolution
		{5B778B60-5690-44E7-93CD-AE9395A93625}.Debug|Any CPU.ActiveCfg = Debug|Any CPU
		{5B778B60-5690-44E7-93CD-AE9395A93625}.Debug|Any CPU.Build.0 = Debug|Any CPU
		{5B778B60-5690-44E7-93CD-AE9395A93625}.Release|Any CPU.ActiveCfg = Release|Any CPU
		{5B778B60-5690-44E7-93CD-AE9395A93625}.Release|Any CPU.Build.0 = Release|Any CPU
	EndGlobalSection
	GlobalSection(SolutionProperties) = preSolution
		HideSolutionNode = FALSE
	EndGlobalSection
	GlobalSection(ExtensibilityGlobals) = postSolution
		SolutionGuid = {C5BCAA51-B175-48D1-BB98-1A0E489D373F}
	EndGlobalSection
EndGlobal
